
Microsoft Visual Studio Solution File, Format Version 12.00
# Visual Studio Version 17
VisualStudioVersion = 17.10.35027.167
MinimumVisualStudioVersion = 10.0.40219.1
Project("{FAE04EC0-301F-11D3-BF4B-00C04F79EFBC}") = "MM-BM-Roulette", "MM-BM-Roulette.csproj", "{D7E4448C-6984-4B32-A440-C14C5E67192C}"
EndProject
Global
	GlobalSection(SolutionConfigurationPlatforms) = preSolution
		Debug|Any CPU = Debug|Any CPU
		Release|Any CPU = Release|Any CPU
	EndGlobalSection
	GlobalSection(ProjectConfigurationPlatforms) = postSolution
		{D7E4448C-6984-4B32-A440-C14C5E67192C}.Debug|Any CPU.ActiveCfg = Debug|Any CPU
		{D7E4448C-6984-4B32-A440-C14C5E67192C}.Debug|Any CPU.Build.0 = Debug|Any CPU
		{D7E4448C-6984-4B32-A440-C14C5E67192C}.Release|Any CPU.ActiveCfg = Release|Any CPU
		{D7E4448C-6984-4B32-A440-C14C5E67192C}.Release|Any CPU.Build.0 = Release|Any CPU
	EndGlobalSection
	GlobalSection(SolutionProperties) = preSolution
		HideSolutionNode = FALSE
	EndGlobalSection
	GlobalSection(ExtensibilityGlobals) = postSolution
		SolutionGuid = {822F0FBB-8EC3-4F0E-A1D4-2A69D1F3D43D}
	EndGlobalSection
EndGlobal
